
Microsoft Visual Studio Solution File, Format Version 12.00
# Visual Studio 15
VisualStudioVersion = 15.0.26730.15
MinimumVisualStudioVersion = 10.0.40219.1
Project("{FAE04EC0-301F-11D3-BF4B-00C04F79EFBC}") = "CSharpIntro", "CSharpIntro\CSharpIntro.csproj", "{6DA47B0B-8FD1-4BB7-A5C0-CF422F117D33}"
EndProject
Project("{FAE04EC0-301F-11D3-BF4B-00C04F79EFBC}") = "CondStmntsAndLoops", "CondStmntsAndLoops\CondStmntsAndLoops.csproj", "{E5D2220F-EF43-401C-B5FE-F4DA4AE10855}"
EndProject
Global
	GlobalSection(SolutionConfigurationPlatforms) = preSolution
		Debug|Any CPU = Debug|Any CPU
		Release|Any CPU = Release|Any CPU
	EndGlobalSection
	GlobalSection(ProjectConfigurationPlatforms) = postSolution
		{6DA47B0B-8FD1-4BB7-A5C0-CF422F117D33}.Debug|Any CPU.ActiveCfg = Debug|Any CPU
		{6DA47B0B-8FD1-4BB7-A5C0-CF422F117D33}.Debug|Any CPU.Build.0 = Debug|Any CPU
		{6DA47B0B-8FD1-4BB7-A5C0-CF422F117D33}.Release|Any CPU.ActiveCfg = Release|Any CPU
		{6DA47B0B-8FD1-4BB7-A5C0-CF422F117D33}.Release|Any CPU.Build.0 = Release|Any CPU
		{E5D2220F-EF43-401C-B5FE-F4DA4AE10855}.Debug|Any CPU.ActiveCfg = Debug|Any CPU
		{E5D2220F-EF43-401C-B5FE-F4DA4AE10855}.Debug|Any CPU.Build.0 = Debug|Any CPU
		{E5D2220F-EF43-401C-B5FE-F4DA4AE10855}.Release|Any CPU.ActiveCfg = Release|Any CPU
		{E5D2220F-EF43-401C-B5FE-F4DA4AE10855}.Release|Any CPU.Build.0 = Release|Any CPU
	EndGlobalSection
	GlobalSection(SolutionProperties) = preSolution
		HideSolutionNode = FALSE
	EndGlobalSection
	GlobalSection(ExtensibilityGlobals) = postSolution
		SolutionGuid = {BE31DA34-99CE-481E-89C7-EF5FD6E6ADB8}
	EndGlobalSection
EndGlobal
